
Microsoft Visual Studio Solution File, Format Version 12.00
# Visual Studio 14
VisualStudioVersion = 14.0.25420.1
MinimumVisualStudioVersion = 10.0.40219.1
Project("{FAE04EC0-301F-11D3-BF4B-00C04F79EFBC}") = "MVVM", "MVVM\MVVM\MVVM.csproj", "{06EE8C09-A676-4956-9C21-92047A8099DB}"
EndProject
Project("{FAE04EC0-301F-11D3-BF4B-00C04F79EFBC}") = "MVVM.Droid", "MVVM\MVVM.Droid\MVVM.Droid.csproj", "{A744FB1F-6836-4F33-9434-4A7DBC194D77}"
EndProject
Project("{FAE04EC0-301F-11D3-BF4B-00C04F79EFBC}") = "MVVM.iOS", "MVVM\MVVM.iOS\MVVM.iOS.csproj", "{96C7A265-D1DC-4A6E-9B17-C328992F4F5A}"
EndProject
Project("{FAE04EC0-301F-11D3-BF4B-00C04F79EFBC}") = "MVVM.WinPhone", "MVVM\MVVM.WinPhone\MVVM.WinPhone.csproj", "{78921644-AC47-4D83-8AEE-2F6C82A379F1}"
EndProject
Project("{FAE04EC0-301F-11D3-BF4B-00C04F79EFBC}") = "MVVM.UWP", "MVVM\MVVM.UWP\MVVM.UWP.csproj", "{0C34096B-1954-4BF5-8128-0BA2BE59406A}"
EndProject
Project("{FAE04EC0-301F-11D3-BF4B-00C04F79EFBC}") = "MVVM.Windows", "MVVM\MVVM.Windows\MVVM.Windows.csproj", "{BCF5E04C-EE9A-4601-B74A-6A4FB8F0B4F8}"
EndProject
Global
	GlobalSection(SolutionConfigurationPlatforms) = preSolution
		Ad-Hoc|Any CPU = Ad-Hoc|Any CPU
		Ad-Hoc|ARM = Ad-Hoc|ARM
		Ad-Hoc|iPhone = Ad-Hoc|iPhone
		Ad-Hoc|iPhoneSimulator = Ad-Hoc|iPhoneSimulator
		Ad-Hoc|x64 = Ad-Hoc|x64
		Ad-Hoc|x86 = Ad-Hoc|x86
		AppStore|Any CPU = AppStore|Any CPU
		AppStore|ARM = AppStore|ARM
		AppStore|iPhone = AppStore|iPhone
		AppStore|iPhoneSimulator = AppStore|iPhoneSimulator
		AppStore|x64 = AppStore|x64
		AppStore|x86 = AppStore|x86
		Debug|Any CPU = Debug|Any CPU
		Debug|ARM = Debug|ARM
		Debug|iPhone = Debug|iPhone
		Debug|iPhoneSimulator = Debug|iPhoneSimulator
		Debug|x64 = Debug|x64
		Debug|x86 = Debug|x86
		Release|Any CPU = Release|Any CPU
		Release|ARM = Release|ARM
		Release|iPhone = Release|iPhone
		Release|iPhoneSimulator = Release|iPhoneSimulator
		Release|x64 = Release|x64
		Release|x86 = Release|x86
	EndGlobalSection
	GlobalSection(ProjectConfigurationPlatforms) = postSolution
		{06EE8C09-A676-4956-9C21-92047A8099DB}.Ad-Hoc|Any CPU.ActiveCfg = Release|Any CPU
		{06EE8C09-A676-4956-9C21-92047A8099DB}.Ad-Hoc|Any CPU.Build.0 = Release|Any CPU
		{06EE8C09-A676-4956-9C21-92047A8099DB}.Ad-Hoc|ARM.ActiveCfg = Release|Any CPU
		{06EE8C09-A676-4956-9C21-92047A8099DB}.Ad-Hoc|ARM.Build.0 = Release|Any CPU
		{06EE8C09-A676-4956-9C21-92047A8099DB}.Ad-Hoc|iPhone.ActiveCfg = Release|Any CPU
		{06EE8C09-A676-4956-9C21-92047A8099DB}.Ad-Hoc|iPhone.Build.0 = Release|Any CPU
		{06EE8C09-A676-4956-9C21-92047A8099DB}.Ad-Hoc|iPhoneSimulator.ActiveCfg = Release|Any CPU
		{06EE8C09-A676-4956-9C21-92047A8099DB}.Ad-Hoc|iPhoneSimulator.Build.0 = Release|Any CPU
		{06EE8C09-A676-4956-9C21-92047A8099DB}.Ad-Hoc|x64.ActiveCfg = Release|Any CPU
		{06EE8C09-A676-4956-9C21-92047A8099DB}.Ad-Hoc|x64.Build.0 = Release|Any CPU
		{06EE8C09-A676-4956-9C21-92047A8099DB}.Ad-Hoc|x86.ActiveCfg = Release|Any CPU
		{06EE8C09-A676-4956-9C21-92047A8099DB}.Ad-Hoc|x86.Build.0 = Release|Any CPU
		{06EE8C09-A676-4956-9C21-92047A8099DB}.AppStore|Any CPU.ActiveCfg = Release|Any CPU
		{06EE8C09-A676-4956-9C21-92047A8099DB}.AppStore|Any CPU.Build.0 = Release|Any CPU
		{06EE8C09-A676-4956-9C21-92047A8099DB}.AppStore|ARM.ActiveCfg = Release|Any CPU
		{06EE8C09-A676-4956-9C21-92047A8099DB}.AppStore|ARM.Build.0 = Release|Any CPU
		{06EE8C09-A676-4956-9C21-92047A8099DB}.AppStore|iPhone.ActiveCfg = Release|Any CPU
		{06EE8C09-A676-4956-9C21-92047A8099DB}.AppStore|iPhone.Build.0 = Release|Any CPU
		{06EE8C09-A676-4956-9C21-92047A8099DB}.AppStore|iPhoneSimulator.ActiveCfg = Release|Any CPU
		{06EE8C09-A676-4956-9C21-92047A8099DB}.AppStore|iPhoneSimulator.Build.0 = Release|Any CPU
		{06EE8C09-A676-4956-9C21-92047A8099DB}.AppStore|x64.ActiveCfg = Release|Any CPU
		{06EE8C09-A676-4956-9C21-92047A8099DB}.AppStore|x64.Build.0 = Release|Any CPU
		{06EE8C09-A676-4956-9C21-92047A8099DB}.AppStore|x86.ActiveCfg = Release|Any CPU
		{06EE8C09-A676-4956-9C21-92047A8099DB}.AppStore|x86.Build.0 = Release|Any CPU
		{06EE8C09-A676-4956-9C21-92047A8099DB}.Debug|Any CPU.ActiveCfg = Debug|Any CPU
		{06EE8C09-A676-4956-9C21-92047A8099DB}.Debug|Any CPU.Build.0 = Debug|Any CPU
		{06EE8C09-A676-4956-9C21-92047A8099DB}.Debug|ARM.ActiveCfg = Debug|Any CPU
		{06EE8C09-A676-4956-9C21-92047A8099DB}.Debug|ARM.Build.0 = Debug|Any CPU
		{06EE8C09-A676-4956-9C21-92047A8099DB}.Debug|iPhone.ActiveCfg = Debug|Any CPU
		{06EE8C09-A676-4956-9C21-92047A8099DB}.Debug|iPhone.Build.0 = Debug|Any CPU
		{06EE8C09-A676-4956-9C21-92047A8099DB}.Debug|iPhoneSimulator.ActiveCfg = Debug|Any CPU
		{06EE8C09-A676-4956-9C21-92047A8099DB}.Debug|iPhoneSimulator.Build.0 = Debug|Any CPU
		{06EE8C09-A676-4956-9C21-92047A8099DB}.Debug|x64.ActiveCfg = Debug|Any CPU
		{06EE8C09-A676-4956-9C21-92047A8099DB}.Debug|x64.Build.0 = Debug|Any CPU
		{06EE8C09-A676-4956-9C21-92047A8099DB}.Debug|x86.ActiveCfg = Debug|Any CPU
		{06EE8C09-A676-4956-9C21-92047A8099DB}.Debug|x86.Build.0 = Debug|Any CPU
		{06EE8C09-A676-4956-9C21-92047A8099DB}.Release|Any CPU.ActiveCfg = Release|Any CPU
		{06EE8C09-A676-4956-9C21-92047A8099DB}.Release|Any CPU.Build.0 = Release|Any CPU
		{06EE8C09-A676-4956-9C21-92047A8099DB}.Release|ARM.ActiveCfg = Release|Any CPU
		{06EE8C09-A676-4956-9C21-92047A8099DB}.Release|ARM.Build.0 = Release|Any CPU
		{06EE8C09-A676-4956-9C21-92047A8099DB}.Release|iPhone.ActiveCfg = Release|Any CPU
		{06EE8C09-A676-4956-9C21-92047A8099DB}.Release|iPhone.Build.0 = Release|Any CPU
		{06EE8C09-A676-4956-9C21-92047A8099DB}.Release|iPhoneSimulator.ActiveCfg = Release|Any CPU
		{06EE8C09-A676-4956-9C21-92047A8099DB}.Release|iPhoneSimulator.Build.0 = Release|Any CPU
		{06EE8C09-A676-4956-9C21-92047A8099DB}.Release|x64.ActiveCfg = Release|Any CPU
		{06EE8C09-A676-4956-9C21-92047A8099DB}.Release|x64.Build.0 = Release|Any CPU
		{06EE8C09-A676-4956-9C21-92047A8099DB}.Release|x86.ActiveCfg = Release|Any CPU
		{06EE8C09-A676-4956-9C21-92047A8099DB}.Release|x86.Build.0 = Release|Any CPU
		{A744FB1F-6836-4F33-9434-4A7DBC194D77}.Ad-Hoc|Any CPU.ActiveCfg = Release|Any CPU
		{A744FB1F-6836-4F33-9434-4A7DBC194D77}.Ad-Hoc|Any CPU.Build.0 = Release|Any CPU
		{A744FB1F-6836-4F33-9434-4A7DBC194D77}.Ad-Hoc|Any CPU.Deploy.0 = Release|Any CPU
		{A744FB1F-6836-4F33-9434-4A7DBC194D77}.Ad-Hoc|ARM.ActiveCfg = Release|Any CPU
		{A744FB1F-6836-4F33-9434-4A7DBC194D77}.Ad-Hoc|ARM.Build.0 = Release|Any CPU
		{A744FB1F-6836-4F33-9434-4A7DBC194D77}.Ad-Hoc|ARM.Deploy.0 = Release|Any CPU
		{A744FB1F-6836-4F33-9434-4A7DBC194D77}.Ad-Hoc|iPhone.ActiveCfg = Release|Any CPU
		{A744FB1F-6836-4F33-9434-4A7DBC194D77}.Ad-Hoc|iPhone.Build.0 = Release|Any CPU
		{A744FB1F-6836-4F33-9434-4A7DBC194D77}.Ad-Hoc|iPhone.Deploy.0 = Release|Any CPU
		{A744FB1F-6836-4F33-9434-4A7DBC194D77}.Ad-Hoc|iPhoneSimulator.ActiveCfg = Release|Any CPU
		{A744FB1F-6836-4F33-9434-4A7DBC194D77}.Ad-Hoc|iPhoneSimulator.Build.0 = Release|Any CPU
		{A744FB1F-6836-4F33-9434-4A7DBC194D77}.Ad-Hoc|iPhoneSimulator.Deploy.0 = Release|Any CPU
		{A744FB1F-6836-4F33-9434-4A7DBC194D77}.Ad-Hoc|x64.ActiveCfg = Release|Any CPU
		{A744FB1F-6836-4F33-9434-4A7DBC194D77}.Ad-Hoc|x64.Build.0 = Release|Any CPU
		{A744FB1F-6836-4F33-9434-4A7DBC194D77}.Ad-Hoc|x64.Deploy.0 = Release|Any CPU
		{A744FB1F-6836-4F33-9434-4A7DBC194D77}.Ad-Hoc|x86.ActiveCfg = Release|Any CPU
		{A744FB1F-6836-4F33-9434-4A7DBC194D77}.Ad-Hoc|x86.Build.0 = Release|Any CPU
		{A744FB1F-6836-4F33-9434-4A7DBC194D77}.Ad-Hoc|x86.Deploy.0 = Release|Any CPU
		{A744FB1F-6836-4F33-9434-4A7DBC194D77}.AppStore|Any CPU.ActiveCfg = Release|Any CPU
		{A744FB1F-6836-4F33-9434-4A7DBC194D77}.AppStore|Any CPU.Build.0 = Release|Any CPU
		{A744FB1F-6836-4F33-9434-4A7DBC194D77}.AppStore|Any CPU.Deploy.0 = Release|Any CPU
		{A744FB1F-6836-4F33-9434-4A7DBC194D77}.AppStore|ARM.ActiveCfg = Release|Any CPU
		{A744FB1F-6836-4F33-9434-4A7DBC194D77}.AppStore|ARM.Build.0 = Release|Any CPU
		{A744FB1F-6836-4F33-9434-4A7DBC194D77}.AppStore|ARM.Deploy.0 = Release|Any CPU
		{A744FB1F-6836-4F33-9434-4A7DBC194D77}.AppStore|iPhone.ActiveCfg = Release|Any CPU
		{A744FB1F-6836-4F33-9434-4A7DBC194D77}.AppStore|iPhone.Build.0 = Release|Any CPU
		{A744FB1F-6836-4F33-9434-4A7DBC194D77}.AppStore|iPhone.Deploy.0 = Release|Any CPU
		{A744FB1F-6836-4F33-9434-4A7DBC194D77}.AppStore|iPhoneSimulator.ActiveCfg = Release|Any CPU
		{A744FB1F-6836-4F33-9434-4A7DBC194D77}.AppStore|iPhoneSimulator.Build.0 = Release|Any CPU
		{A744FB1F-6836-4F33-9434-4A7DBC194D77}.AppStore|iPhoneSimulator.Deploy.0 = Release|Any CPU
		{A744FB1F-6836-4F33-9434-4A7DBC194D77}.AppStore|x64.ActiveCfg = Release|Any CPU
		{A744FB1F-6836-4F33-9434-4A7DBC194D77}.AppStore|x64.Build.0 = Release|Any CPU
		{A744FB1F-6836-4F33-9434-4A7DBC194D77}.AppStore|x64.Deploy.0 = Release|Any CPU
		{A744FB1F-6836-4F33-9434-4A7DBC194D77}.AppStore|x86.ActiveCfg = Release|Any CPU
		{A744FB1F-6836-4F33-9434-4A7DBC194D77}.AppStore|x86.Build.0 = Release|Any CPU
		{A744FB1F-6836-4F33-9434-4A7DBC194D77}.AppStore|x86.Deploy.0 = Release|Any CPU
		{A744FB1F-6836-4F33-9434-4A7DBC194D77}.Debug|Any CPU.ActiveCfg = Debug|Any CPU
		{A744FB1F-6836-4F33-9434-4A7DBC194D77}.Debug|Any CPU.Build.0 = Debug|Any CPU
		{A744FB1F-6836-4F33-9434-4A7DBC194D77}.Debug|Any CPU.Deploy.0 = Debug|Any CPU
		{A744FB1F-6836-4F33-9434-4A7DBC194D77}.Debug|ARM.ActiveCfg = Debug|Any CPU
		{A744FB1F-6836-4F33-9434-4A7DBC194D77}.Debug|ARM.Build.0 = Debug|Any CPU
		{A744FB1F-6836-4F33-9434-4A7DBC194D77}.Debug|ARM.Deploy.0 = Debug|Any CPU
		{A744FB1F-6836-4F33-9434-4A7DBC194D77}.Debug|iPhone.ActiveCfg = Debug|Any CPU
		{A744FB1F-6836-4F33-9434-4A7DBC194D77}.Debug|iPhone.Build.0 = Debug|Any CPU
		{A744FB1F-6836-4F33-9434-4A7DBC194D77}.Debug|iPhone.Deploy.0 = Debug|Any CPU
		{A744FB1F-6836-4F33-9434-4A7DBC194D77}.Debug|iPhoneSimulator.ActiveCfg = Debug|Any CPU
		{A744FB1F-6836-4F33-9434-4A7DBC194D77}.Debug|iPhoneSimulator.Build.0 = Debug|Any CPU
		{A744FB1F-6836-4F33-9434-4A7DBC194D77}.Debug|iPhoneSimulator.Deploy.0 = Debug|Any CPU
		{A744FB1F-6836-4F33-9434-4A7DBC194D77}.Debug|x64.ActiveCfg = Debug|Any CPU
		{A744FB1F-6836-4F33-9434-4A7DBC194D77}.Debug|x64.Build.0 = Debug|Any CPU
		{A744FB1F-6836-4F33-9434-4A7DBC194D77}.Debug|x64.Deploy.0 = Debug|Any CPU
		{A744FB1F-6836-4F33-9434-4A7DBC194D77}.Debug|x86.ActiveCfg = Debug|Any CPU
		{A744FB1F-6836-4F33-9434-4A7DBC194D77}.Debug|x86.Build.0 = Debug|Any CPU
		{A744FB1F-6836-4F33-9434-4A7DBC194D77}.Debug|x86.Deploy.0 = Debug|Any CPU
		{A744FB1F-6836-4F33-9434-4A7DBC194D77}.Release|Any CPU.ActiveCfg = Release|Any CPU
		{A744FB1F-6836-4F33-9434-4A7DBC194D77}.Release|Any CPU.Build.0 = Release|Any CPU
		{A744FB1F-6836-4F33-9434-4A7DBC194D77}.Release|Any CPU.Deploy.0 = Release|Any CPU
		{A744FB1F-6836-4F33-9434-4A7DBC194D77}.Release|ARM.ActiveCfg = Release|Any CPU
		{A744FB1F-6836-4F33-9434-4A7DBC194D77}.Release|ARM.Build.0 = Release|Any CPU
		{A744FB1F-6836-4F33-9434-4A7DBC194D77}.Release|ARM.Deploy.0 = Release|Any CPU
		{A744FB1F-6836-4F33-9434-4A7DBC194D77}.Release|iPhone.ActiveCfg = Release|Any CPU
		{A744FB1F-6836-4F33-9434-4A7DBC194D77}.Release|iPhone.Build.0 = Release|Any CPU
		{A744FB1F-6836-4F33-9434-4A7DBC194D77}.Release|iPhone.Deploy.0 = Release|Any CPU
		{A744FB1F-6836-4F33-9434-4A7DBC194D77}.Release|iPhoneSimulator.ActiveCfg = Release|Any CPU
		{A744FB1F-6836-4F33-9434-4A7DBC194D77}.Release|iPhoneSimulator.Build.0 = Release|Any CPU
		{A744FB1F-6836-4F33-9434-4A7DBC194D77}.Release|iPhoneSimulator.Deploy.0 = Release|Any CPU
		{A744FB1F-6836-4F33-9434-4A7DBC194D77}.Release|x64.ActiveCfg = Release|Any CPU
		{A744FB1F-6836-4F33-9434-4A7DBC194D77}.Release|x64.Build.0 = Release|Any CPU
		{A744FB1F-6836-4F33-9434-4A7DBC194D77}.Release|x64.Deploy.0 = Release|Any CPU
		{A744FB1F-6836-4F33-9434-4A7DBC194D77}.Release|x86.ActiveCfg = Release|Any CPU
		{A744FB1F-6836-4F33-9434-4A7DBC194D77}.Release|x86.Build.0 = Release|Any CPU
		{A744FB1F-6836-4F33-9434-4A7DBC194D77}.Release|x86.Deploy.0 = Release|Any CPU
		{96C7A265-D1DC-4A6E-9B17-C328992F4F5A}.Ad-Hoc|Any CPU.ActiveCfg = Ad-Hoc|iPhone
		{96C7A265-D1DC-4A6E-9B17-C328992F4F5A}.Ad-Hoc|ARM.ActiveCfg = Ad-Hoc|iPhone
		{96C7A265-D1DC-4A6E-9B17-C328992F4F5A}.Ad-Hoc|iPhone.ActiveCfg = Ad-Hoc|iPhone
		{96C7A265-D1DC-4A6E-9B17-C328992F4F5A}.Ad-Hoc|iPhone.Build.0 = Ad-Hoc|iPhone
		{96C7A265-D1DC-4A6E-9B17-C328992F4F5A}.Ad-Hoc|iPhoneSimulator.ActiveCfg = Ad-Hoc|iPhoneSimulator
		{96C7A265-D1DC-4A6E-9B17-C328992F4F5A}.Ad-Hoc|iPhoneSimulator.Build.0 = Ad-Hoc|iPhoneSimulator
		{96C7A265-D1DC-4A6E-9B17-C328992F4F5A}.Ad-Hoc|x64.ActiveCfg = Ad-Hoc|iPhone
		{96C7A265-D1DC-4A6E-9B17-C328992F4F5A}.Ad-Hoc|x86.ActiveCfg = Ad-Hoc|iPhone
		{96C7A265-D1DC-4A6E-9B17-C328992F4F5A}.AppStore|Any CPU.ActiveCfg = AppStore|iPhone
		{96C7A265-D1DC-4A6E-9B17-C328992F4F5A}.AppStore|ARM.ActiveCfg = AppStore|iPhone
		{96C7A265-D1DC-4A6E-9B17-C328992F4F5A}.AppStore|iPhone.ActiveCfg = AppStore|iPhone
		{96C7A265-D1DC-4A6E-9B17-C328992F4F5A}.AppStore|iPhone.Build.0 = AppStore|iPhone
		{96C7A265-D1DC-4A6E-9B17-C328992F4F5A}.AppStore|iPhoneSimulator.ActiveCfg = AppStore|iPhoneSimulator
		{96C7A265-D1DC-4A6E-9B17-C328992F4F5A}.AppStore|iPhoneSimulator.Build.0 = AppStore|iPhoneSimulator
		{96C7A265-D1DC-4A6E-9B17-C328992F4F5A}.AppStore|x64.ActiveCfg = AppStore|iPhone
		{96C7A265-D1DC-4A6E-9B17-C328992F4F5A}.AppStore|x86.ActiveCfg = AppStore|iPhone
		{96C7A265-D1DC-4A6E-9B17-C328992F4F5A}.Debug|Any CPU.ActiveCfg = Debug|iPhone
		{96C7A265-D1DC-4A6E-9B17-C328992F4F5A}.Debug|ARM.ActiveCfg = Debug|iPhone
		{96C7A265-D1DC-4A6E-9B17-C328992F4F5A}.Debug|iPhone.ActiveCfg = Debug|iPhone
		{96C7A265-D1DC-4A6E-9B17-C328992F4F5A}.Debug|iPhone.Build.0 = Debug|iPhone
		{96C7A265-D1DC-4A6E-9B17-C328992F4F5A}.Debug|iPhoneSimulator.ActiveCfg = Debug|iPhoneSimulator
		{96C7A265-D1DC-4A6E-9B17-C328992F4F5A}.Debug|iPhoneSimulator.Build.0 = Debug|iPhoneSimulator
		{96C7A265-D1DC-4A6E-9B17-C328992F4F5A}.Debug|x64.ActiveCfg = Debug|iPhone
		{96C7A265-D1DC-4A6E-9B17-C328992F4F5A}.Debug|x86.ActiveCfg = Debug|iPhone
		{96C7A265-D1DC-4A6E-9B17-C328992F4F5A}.Release|Any CPU.ActiveCfg = Release|iPhone
		{96C7A265-D1DC-4A6E-9B17-C328992F4F5A}.Release|ARM.ActiveCfg = Release|iPhone
		{96C7A265-D1DC-4A6E-9B17-C328992F4F5A}.Release|iPhone.ActiveCfg = Release|iPhone
		{96C7A265-D1DC-4A6E-9B17-C328992F4F5A}.Release|iPhone.Build.0 = Release|iPhone
		{96C7A265-D1DC-4A6E-9B17-C328992F4F5A}.Release|iPhoneSimulator.ActiveCfg = Release|iPhoneSimulator
		{96C7A265-D1DC-4A6E-9B17-C328992F4F5A}.Release|iPhoneSimulator.Build.0 = Release|iPhoneSimulator
		{96C7A265-D1DC-4A6E-9B17-C328992F4F5A}.Release|x64.ActiveCfg = Release|iPhone
		{96C7A265-D1DC-4A6E-9B17-C328992F4F5A}.Release|x86.ActiveCfg = Release|iPhone
		{78921644-AC47-4D83-8AEE-2F6C82A379F1}.Ad-Hoc|Any CPU.ActiveCfg = Release|Any CPU
		{78921644-AC47-4D83-8AEE-2F6C82A379F1}.Ad-Hoc|Any CPU.Build.0 = Release|Any CPU
		{78921644-AC47-4D83-8AEE-2F6C82A379F1}.Ad-Hoc|Any CPU.Deploy.0 = Release|Any CPU
		{78921644-AC47-4D83-8AEE-2F6C82A379F1}.Ad-Hoc|ARM.ActiveCfg = Release|ARM
		{78921644-AC47-4D83-8AEE-2F6C82A379F1}.Ad-Hoc|ARM.Build.0 = Release|ARM
		{78921644-AC47-4D83-8AEE-2F6C82A379F1}.Ad-Hoc|ARM.Deploy.0 = Release|ARM
		{78921644-AC47-4D83-8AEE-2F6C82A379F1}.Ad-Hoc|iPhone.ActiveCfg = Release|Any CPU
		{78921644-AC47-4D83-8AEE-2F6C82A379F1}.Ad-Hoc|iPhone.Build.0 = Release|Any CPU
		{78921644-AC47-4D83-8AEE-2F6C82A379F1}.Ad-Hoc|iPhone.Deploy.0 = Release|Any CPU
		{78921644-AC47-4D83-8AEE-2F6C82A379F1}.Ad-Hoc|iPhoneSimulator.ActiveCfg = Release|Any CPU
		{78921644-AC47-4D83-8AEE-2F6C82A379F1}.Ad-Hoc|iPhoneSimulator.Build.0 = Release|Any CPU
		{78921644-AC47-4D83-8AEE-2F6C82A379F1}.Ad-Hoc|iPhoneSimulator.Deploy.0 = Release|Any CPU
		{78921644-AC47-4D83-8AEE-2F6C82A379F1}.Ad-Hoc|x64.ActiveCfg = Release|Any CPU
		{78921644-AC47-4D83-8AEE-2F6C82A379F1}.Ad-Hoc|x64.Build.0 = Release|Any CPU
		{78921644-AC47-4D83-8AEE-2F6C82A379F1}.Ad-Hoc|x64.Deploy.0 = Release|Any CPU
		{78921644-AC47-4D83-8AEE-2F6C82A379F1}.Ad-Hoc|x86.ActiveCfg = Release|x86
		{78921644-AC47-4D83-8AEE-2F6C82A379F1}.Ad-Hoc|x86.Build.0 = Release|x86
		{78921644-AC47-4D83-8AEE-2F6C82A379F1}.Ad-Hoc|x86.Deploy.0 = Release|x86
		{78921644-AC47-4D83-8AEE-2F6C82A379F1}.AppStore|Any CPU.ActiveCfg = Release|Any CPU
		{78921644-AC47-4D83-8AEE-2F6C82A379F1}.AppStore|Any CPU.Build.0 = Release|Any CPU
		{78921644-AC47-4D83-8AEE-2F6C82A379F1}.AppStore|Any CPU.Deploy.0 = Release|Any CPU
		{78921644-AC47-4D83-8AEE-2F6C82A379F1}.AppStore|ARM.ActiveCfg = Release|ARM
		{78921644-AC47-4D83-8AEE-2F6C82A379F1}.AppStore|ARM.Build.0 = Release|ARM
		{78921644-AC47-4D83-8AEE-2F6C82A379F1}.AppStore|ARM.Deploy.0 = Release|ARM
		{78921644-AC47-4D83-8AEE-2F6C82A379F1}.AppStore|iPhone.ActiveCfg = Release|Any CPU
		{78921644-AC47-4D83-8AEE-2F6C82A379F1}.AppStore|iPhone.Build.0 = Release|Any CPU
		{78921644-AC47-4D83-8AEE-2F6C82A379F1}.AppStore|iPhone.Deploy.0 = Release|Any CPU
		{78921644-AC47-4D83-8AEE-2F6C82A379F1}.AppStore|iPhoneSimulator.ActiveCfg = Release|Any CPU
		{78921644-AC47-4D83-8AEE-2F6C82A379F1}.AppStore|iPhoneSimulator.Build.0 = Release|Any CPU
		{78921644-AC47-4D83-8AEE-2F6C82A379F1}.AppStore|iPhoneSimulator.Deploy.0 = Release|Any CPU
		{78921644-AC47-4D83-8AEE-2F6C82A379F1}.AppStore|x64.ActiveCfg = Release|Any CPU
		{78921644-AC47-4D83-8AEE-2F6C82A379F1}.AppStore|x64.Build.0 = Release|Any CPU
		{78921644-AC47-4D83-8AEE-2F6C82A379F1}.AppStore|x64.Deploy.0 = Release|Any CPU
		{78921644-AC47-4D83-8AEE-2F6C82A379F1}.AppStore|x86.ActiveCfg = Release|x86
		{78921644-AC47-4D83-8AEE-2F6C82A379F1}.AppStore|x86.Build.0 = Release|x86
		{78921644-AC47-4D83-8AEE-2F6C82A379F1}.AppStore|x86.Deploy.0 = Release|x86
		{78921644-AC47-4D83-8AEE-2F6C82A379F1}.Debug|Any CPU.ActiveCfg = Debug|Any CPU
		{78921644-AC47-4D83-8AEE-2F6C82A379F1}.Debug|ARM.ActiveCfg = Debug|ARM
		{78921644-AC47-4D83-8AEE-2F6C82A379F1}.Debug|ARM.Build.0 = Debug|ARM
		{78921644-AC47-4D83-8AEE-2F6C82A379F1}.Debug|ARM.Deploy.0 = Debug|ARM
		{78921644-AC47-4D83-8AEE-2F6C82A379F1}.Debug|iPhone.ActiveCfg = Debug|Any CPU
		{78921644-AC47-4D83-8AEE-2F6C82A379F1}.Debug|iPhone.Build.0 = Debug|Any CPU
		{78921644-AC47-4D83-8AEE-2F6C82A379F1}.Debug|iPhone.Deploy.0 = Debug|Any CPU
		{78921644-AC47-4D83-8AEE-2F6C82A379F1}.Debug|iPhoneSimulator.ActiveCfg = Debug|Any CPU
		{78921644-AC47-4D83-8AEE-2F6C82A379F1}.Debug|iPhoneSimulator.Build.0 = Debug|Any CPU
		{78921644-AC47-4D83-8AEE-2F6C82A379F1}.Debug|iPhoneSimulator.Deploy.0 = Debug|Any CPU
		{78921644-AC47-4D83-8AEE-2F6C82A379F1}.Debug|x64.ActiveCfg = Debug|Any CPU
		{78921644-AC47-4D83-8AEE-2F6C82A379F1}.Debug|x64.Build.0 = Debug|Any CPU
		{78921644-AC47-4D83-8AEE-2F6C82A379F1}.Debug|x64.Deploy.0 = Debug|Any CPU
		{78921644-AC47-4D83-8AEE-2F6C82A379F1}.Debug|x86.ActiveCfg = Debug|x86
		{78921644-AC47-4D83-8AEE-2F6C82A379F1}.Debug|x86.Build.0 = Debug|x86
		{78921644-AC47-4D83-8AEE-2F6C82A379F1}.Debug|x86.Deploy.0 = Debug|x86
		{78921644-AC47-4D83-8AEE-2F6C82A379F1}.Release|Any CPU.ActiveCfg = Release|Any CPU
		{78921644-AC47-4D83-8AEE-2F6C82A379F1}.Release|Any CPU.Build.0 = Release|Any CPU
		{78921644-AC47-4D83-8AEE-2F6C82A379F1}.Release|Any CPU.Deploy.0 = Release|Any CPU
		{78921644-AC47-4D83-8AEE-2F6C82A379F1}.Release|ARM.ActiveCfg = Release|ARM
		{78921644-AC47-4D83-8AEE-2F6C82A379F1}.Release|ARM.Build.0 = Release|ARM
		{78921644-AC47-4D83-8AEE-2F6C82A379F1}.Release|ARM.Deploy.0 = Release|ARM
		{78921644-AC47-4D83-8AEE-2F6C82A379F1}.Release|iPhone.ActiveCfg = Release|Any CPU
		{78921644-AC47-4D83-8AEE-2F6C82A379F1}.Release|iPhone.Build.0 = Release|Any CPU
		{78921644-AC47-4D83-8AEE-2F6C82A379F1}.Release|iPhone.Deploy.0 = Release|Any CPU
		{78921644-AC47-4D83-8AEE-2F6C82A379F1}.Release|iPhoneSimulator.ActiveCfg = Release|Any CPU
		{78921644-AC47-4D83-8AEE-2F6C82A379F1}.Release|iPhoneSimulator.Build.0 = Release|Any CPU
		{78921644-AC47-4D83-8AEE-2F6C82A379F1}.Release|iPhoneSimulator.Deploy.0 = Release|Any CPU
		{78921644-AC47-4D83-8AEE-2F6C82A379F1}.Release|x64.ActiveCfg = Release|Any CPU
		{78921644-AC47-4D83-8AEE-2F6C82A379F1}.Release|x64.Build.0 = Release|Any CPU
		{78921644-AC47-4D83-8AEE-2F6C82A379F1}.Release|x64.Deploy.0 = Release|Any CPU
		{78921644-AC47-4D83-8AEE-2F6C82A379F1}.Release|x86.ActiveCfg = Release|x86
		{78921644-AC47-4D83-8AEE-2F6C82A379F1}.Release|x86.Build.0 = Release|x86
		{78921644-AC47-4D83-8AEE-2F6C82A379F1}.Release|x86.Deploy.0 = Release|x86
		{0C34096B-1954-4BF5-8128-0BA2BE59406A}.Ad-Hoc|Any CPU.ActiveCfg = Release|x86
		{0C34096B-1954-4BF5-8128-0BA2BE59406A}.Ad-Hoc|Any CPU.Build.0 = Release|x86
		{0C34096B-1954-4BF5-8128-0BA2BE59406A}.Ad-Hoc|Any CPU.Deploy.0 = Release|x86
		{0C34096B-1954-4BF5-8128-0BA2BE59406A}.Ad-Hoc|ARM.ActiveCfg = Release|ARM
		{0C34096B-1954-4BF5-8128-0BA2BE59406A}.Ad-Hoc|ARM.Build.0 = Release|ARM
		{0C34096B-1954-4BF5-8128-0BA2BE59406A}.Ad-Hoc|ARM.Deploy.0 = Release|ARM
		{0C34096B-1954-4BF5-8128-0BA2BE59406A}.Ad-Hoc|iPhone.ActiveCfg = Release|x86
		{0C34096B-1954-4BF5-8128-0BA2BE59406A}.Ad-Hoc|iPhone.Build.0 = Release|x86
		{0C34096B-1954-4BF5-8128-0BA2BE59406A}.Ad-Hoc|iPhone.Deploy.0 = Release|x86
		{0C34096B-1954-4BF5-8128-0BA2BE59406A}.Ad-Hoc|iPhoneSimulator.ActiveCfg = Release|x86
		{0C34096B-1954-4BF5-8128-0BA2BE59406A}.Ad-Hoc|iPhoneSimulator.Build.0 = Release|x86
		{0C34096B-1954-4BF5-8128-0BA2BE59406A}.Ad-Hoc|iPhoneSimulator.Deploy.0 = Release|x86
		{0C34096B-1954-4BF5-8128-0BA2BE59406A}.Ad-Hoc|x64.ActiveCfg = Release|x64
		{0C34096B-1954-4BF5-8128-0BA2BE59406A}.Ad-Hoc|x64.Build.0 = Release|x64
		{0C34096B-1954-4BF5-8128-0BA2BE59406A}.Ad-Hoc|x64.Deploy.0 = Release|x64
		{0C34096B-1954-4BF5-8128-0BA2BE59406A}.Ad-Hoc|x86.ActiveCfg = Release|x86
		{0C34096B-1954-4BF5-8128-0BA2BE59406A}.Ad-Hoc|x86.Build.0 = Release|x86
		{0C34096B-1954-4BF5-8128-0BA2BE59406A}.Ad-Hoc|x86.Deploy.0 = Release|x86
		{0C34096B-1954-4BF5-8128-0BA2BE59406A}.AppStore|Any CPU.ActiveCfg = Release|x86
		{0C34096B-1954-4BF5-8128-0BA2BE59406A}.AppStore|Any CPU.Build.0 = Release|x86
		{0C34096B-1954-4BF5-8128-0BA2BE59406A}.AppStore|Any CPU.Deploy.0 = Release|x86
		{0C34096B-1954-4BF5-8128-0BA2BE59406A}.AppStore|ARM.ActiveCfg = Release|ARM
		{0C34096B-1954-4BF5-8128-0BA2BE59406A}.AppStore|ARM.Build.0 = Release|ARM
		{0C34096B-1954-4BF5-8128-0BA2BE59406A}.AppStore|ARM.Deploy.0 = Release|ARM
		{0C34096B-1954-4BF5-8128-0BA2BE59406A}.AppStore|iPhone.ActiveCfg = Release|x86
		{0C34096B-1954-4BF5-8128-0BA2BE59406A}.AppStore|iPhone.Build.0 = Release|x86
		{0C34096B-1954-4BF5-8128-0BA2BE59406A}.AppStore|iPhone.Deploy.0 = Release|x86
		{0C34096B-1954-4BF5-8128-0BA2BE59406A}.AppStore|iPhoneSimulator.ActiveCfg = Release|x86
		{0C34096B-1954-4BF5-8128-0BA2BE59406A}.AppStore|iPhoneSimulator.Build.0 = Release|x86
		{0C34096B-1954-4BF5-8128-0BA2BE59406A}.AppStore|iPhoneSimulator.Deploy.0 = Release|x86
		{0C34096B-1954-4BF5-8128-0BA2BE59406A}.AppStore|x64.ActiveCfg = Release|x64
		{0C34096B-1954-4BF5-8128-0BA2BE59406A}.AppStore|x64.Build.0 = Release|x64
		{0C34096B-1954-4BF5-8128-0BA2BE59406A}.AppStore|x64.Deploy.0 = Release|x64
		{0C34096B-1954-4BF5-8128-0BA2BE59406A}.AppStore|x86.ActiveCfg = Release|x86
		{0C34096B-1954-4BF5-8128-0BA2BE59406A}.AppStore|x86.Build.0 = Release|x86
		{0C34096B-1954-4BF5-8128-0BA2BE59406A}.AppStore|x86.Deploy.0 = Release|x86
		{0C34096B-1954-4BF5-8128-0BA2BE59406A}.Debug|Any CPU.ActiveCfg = Debug|x86
		{0C34096B-1954-4BF5-8128-0BA2BE59406A}.Debug|ARM.ActiveCfg = Debug|ARM
		{0C34096B-1954-4BF5-8128-0BA2BE59406A}.Debug|ARM.Build.0 = Debug|ARM
		{0C34096B-1954-4BF5-8128-0BA2BE59406A}.Debug|ARM.Deploy.0 = Debug|ARM
		{0C34096B-1954-4BF5-8128-0BA2BE59406A}.Debug|iPhone.ActiveCfg = Debug|x86
		{0C34096B-1954-4BF5-8128-0BA2BE59406A}.Debug|iPhoneSimulator.ActiveCfg = Debug|x86
		{0C34096B-1954-4BF5-8128-0BA2BE59406A}.Debug|x64.ActiveCfg = Debug|x64
		{0C34096B-1954-4BF5-8128-0BA2BE59406A}.Debug|x64.Build.0 = Debug|x64
		{0C34096B-1954-4BF5-8128-0BA2BE59406A}.Debug|x64.Deploy.0 = Debug|x64
		{0C34096B-1954-4BF5-8128-0BA2BE59406A}.Debug|x86.ActiveCfg = Debug|x86
		{0C34096B-1954-4BF5-8128-0BA2BE59406A}.Debug|x86.Build.0 = Debug|x86
		{0C34096B-1954-4BF5-8128-0BA2BE59406A}.Debug|x86.Deploy.0 = Debug|x86
		{0C34096B-1954-4BF5-8128-0BA2BE59406A}.Release|Any CPU.ActiveCfg = Release|x86
		{0C34096B-1954-4BF5-8128-0BA2BE59406A}.Release|ARM.ActiveCfg = Release|ARM
		{0C34096B-1954-4BF5-8128-0BA2BE59406A}.Release|ARM.Build.0 = Release|ARM
		{0C34096B-1954-4BF5-8128-0BA2BE59406A}.Release|ARM.Deploy.0 = Release|ARM
		{0C34096B-1954-4BF5-8128-0BA2BE59406A}.Release|iPhone.ActiveCfg = Release|x86
		{0C34096B-1954-4BF5-8128-0BA2BE59406A}.Release|iPhoneSimulator.ActiveCfg = Release|x86
		{0C34096B-1954-4BF5-8128-0BA2BE59406A}.Release|x64.ActiveCfg = Release|x64
		{0C34096B-1954-4BF5-8128-0BA2BE59406A}.Release|x64.Build.0 = Release|x64
		{0C34096B-1954-4BF5-8128-0BA2BE59406A}.Release|x64.Deploy.0 = Release|x64
		{0C34096B-1954-4BF5-8128-0BA2BE59406A}.Release|x86.ActiveCfg = Release|x86
		{0C34096B-1954-4BF5-8128-0BA2BE59406A}.Release|x86.Build.0 = Release|x86
		{0C34096B-1954-4BF5-8128-0BA2BE59406A}.Release|x86.Deploy.0 = Release|x86
		{BCF5E04C-EE9A-4601-B74A-6A4FB8F0B4F8}.Ad-Hoc|Any CPU.ActiveCfg = Release|Any CPU
		{BCF5E04C-EE9A-4601-B74A-6A4FB8F0B4F8}.Ad-Hoc|Any CPU.Build.0 = Release|Any CPU
		{BCF5E04C-EE9A-4601-B74A-6A4FB8F0B4F8}.Ad-Hoc|Any CPU.Deploy.0 = Release|Any CPU
		{BCF5E04C-EE9A-4601-B74A-6A4FB8F0B4F8}.Ad-Hoc|ARM.ActiveCfg = Release|ARM
		{BCF5E04C-EE9A-4601-B74A-6A4FB8F0B4F8}.Ad-Hoc|ARM.Build.0 = Release|ARM
		{BCF5E04C-EE9A-4601-B74A-6A4FB8F0B4F8}.Ad-Hoc|ARM.Deploy.0 = Release|ARM
		{BCF5E04C-EE9A-4601-B74A-6A4FB8F0B4F8}.Ad-Hoc|iPhone.ActiveCfg = Release|Any CPU
		{BCF5E04C-EE9A-4601-B74A-6A4FB8F0B4F8}.Ad-Hoc|iPhone.Build.0 = Release|Any CPU
		{BCF5E04C-EE9A-4601-B74A-6A4FB8F0B4F8}.Ad-Hoc|iPhone.Deploy.0 = Release|Any CPU
		{BCF5E04C-EE9A-4601-B74A-6A4FB8F0B4F8}.Ad-Hoc|iPhoneSimulator.ActiveCfg = Release|Any CPU
		{BCF5E04C-EE9A-4601-B74A-6A4FB8F0B4F8}.Ad-Hoc|iPhoneSimulator.Build.0 = Release|Any CPU
		{BCF5E04C-EE9A-4601-B74A-6A4FB8F0B4F8}.Ad-Hoc|iPhoneSimulator.Deploy.0 = Release|Any CPU
		{BCF5E04C-EE9A-4601-B74A-6A4FB8F0B4F8}.Ad-Hoc|x64.ActiveCfg = Release|x64
		{BCF5E04C-EE9A-4601-B74A-6A4FB8F0B4F8}.Ad-Hoc|x64.Build.0 = Release|x64
		{BCF5E04C-EE9A-4601-B74A-6A4FB8F0B4F8}.Ad-Hoc|x64.Deploy.0 = Release|x64
		{BCF5E04C-EE9A-4601-B74A-6A4FB8F0B4F8}.Ad-Hoc|x86.ActiveCfg = Release|x86
		{BCF5E04C-EE9A-4601-B74A-6A4FB8F0B4F8}.Ad-Hoc|x86.Build.0 = Release|x86
		{BCF5E04C-EE9A-4601-B74A-6A4FB8F0B4F8}.Ad-Hoc|x86.Deploy.0 = Release|x86
		{BCF5E04C-EE9A-4601-B74A-6A4FB8F0B4F8}.AppStore|Any CPU.ActiveCfg = Release|Any CPU
		{BCF5E04C-EE9A-4601-B74A-6A4FB8F0B4F8}.AppStore|Any CPU.Build.0 = Release|Any CPU
		{BCF5E04C-EE9A-4601-B74A-6A4FB8F0B4F8}.AppStore|Any CPU.Deploy.0 = Release|Any CPU
		{BCF5E04C-EE9A-4601-B74A-6A4FB8F0B4F8}.AppStore|ARM.ActiveCfg = Release|ARM
		{BCF5E04C-EE9A-4601-B74A-6A4FB8F0B4F8}.AppStore|ARM.Build.0 = Release|ARM
		{BCF5E04C-EE9A-4601-B74A-6A4FB8F0B4F8}.AppStore|ARM.Deploy.0 = Release|ARM
		{BCF5E04C-EE9A-4601-B74A-6A4FB8F0B4F8}.AppStore|iPhone.ActiveCfg = Release|Any CPU
		{BCF5E04C-EE9A-4601-B74A-6A4FB8F0B4F8}.AppStore|iPhone.Build.0 = Release|Any CPU
		{BCF5E04C-EE9A-4601-B74A-6A4FB8F0B4F8}.AppStore|iPhone.Deploy.0 = Release|Any CPU
		{BCF5E04C-EE9A-4601-B74A-6A4FB8F0B4F8}.AppStore|iPhoneSimulator.ActiveCfg = Release|Any CPU
		{BCF5E04C-EE9A-4601-B74A-6A4FB8F0B4F8}.AppStore|iPhoneSimulator.Build.0 = Release|Any CPU
		{BCF5E04C-EE9A-4601-B74A-6A4FB8F0B4F8}.AppStore|iPhoneSimulator.Deploy.0 = Release|Any CPU
		{BCF5E04C-EE9A-4601-B74A-6A4FB8F0B4F8}.AppStore|x64.ActiveCfg = Release|x64
		{BCF5E04C-EE9A-4601-B74A-6A4FB8F0B4F8}.AppStore|x64.Build.0 = Release|x64
		{BCF5E04C-EE9A-4601-B74A-6A4FB8F0B4F8}.AppStore|x64.Deploy.0 = Release|x64
		{BCF5E04C-EE9A-4601-B74A-6A4FB8F0B4F8}.AppStore|x86.ActiveCfg = Release|x86
		{BCF5E04C-EE9A-4601-B74A-6A4FB8F0B4F8}.AppStore|x86.Build.0 = Release|x86
		{BCF5E04C-EE9A-4601-B74A-6A4FB8F0B4F8}.AppStore|x86.Deploy.0 = Release|x86
		{BCF5E04C-EE9A-4601-B74A-6A4FB8F0B4F8}.Debug|Any CPU.ActiveCfg = Debug|Any CPU
		{BCF5E04C-EE9A-4601-B74A-6A4FB8F0B4F8}.Debug|ARM.ActiveCfg = Debug|ARM
		{BCF5E04C-EE9A-4601-B74A-6A4FB8F0B4F8}.Debug|ARM.Build.0 = Debug|ARM
		{BCF5E04C-EE9A-4601-B74A-6A4FB8F0B4F8}.Debug|ARM.Deploy.0 = Debug|ARM
		{BCF5E04C-EE9A-4601-B74A-6A4FB8F0B4F8}.Debug|iPhone.ActiveCfg = Debug|Any CPU
		{BCF5E04C-EE9A-4601-B74A-6A4FB8F0B4F8}.Debug|iPhone.Build.0 = Debug|Any CPU
		{BCF5E04C-EE9A-4601-B74A-6A4FB8F0B4F8}.Debug|iPhone.Deploy.0 = Debug|Any CPU
		{BCF5E04C-EE9A-4601-B74A-6A4FB8F0B4F8}.Debug|iPhoneSimulator.ActiveCfg = Debug|Any CPU
		{BCF5E04C-EE9A-4601-B74A-6A4FB8F0B4F8}.Debug|iPhoneSimulator.Build.0 = Debug|Any CPU
		{BCF5E04C-EE9A-4601-B74A-6A4FB8F0B4F8}.Debug|iPhoneSimulator.Deploy.0 = Debug|Any CPU
		{BCF5E04C-EE9A-4601-B74A-6A4FB8F0B4F8}.Debug|x64.ActiveCfg = Debug|x64
		{BCF5E04C-EE9A-4601-B74A-6A4FB8F0B4F8}.Debug|x64.Build.0 = Debug|x64
		{BCF5E04C-EE9A-4601-B74A-6A4FB8F0B4F8}.Debug|x64.Deploy.0 = Debug|x64
		{BCF5E04C-EE9A-4601-B74A-6A4FB8F0B4F8}.Debug|x86.ActiveCfg = Debug|x86
		{BCF5E04C-EE9A-4601-B74A-6A4FB8F0B4F8}.Debug|x86.Build.0 = Debug|x86
		{BCF5E04C-EE9A-4601-B74A-6A4FB8F0B4F8}.Debug|x86.Deploy.0 = Debug|x86
		{BCF5E04C-EE9A-4601-B74A-6A4FB8F0B4F8}.Release|Any CPU.ActiveCfg = Release|Any CPU
		{BCF5E04C-EE9A-4601-B74A-6A4FB8F0B4F8}.Release|Any CPU.Build.0 = Release|Any CPU
		{BCF5E04C-EE9A-4601-B74A-6A4FB8F0B4F8}.Release|Any CPU.Deploy.0 = Release|Any CPU
		{BCF5E04C-EE9A-4601-B74A-6A4FB8F0B4F8}.Release|ARM.ActiveCfg = Release|ARM
		{BCF5E04C-EE9A-4601-B74A-6A4FB8F0B4F8}.Release|ARM.Build.0 = Release|ARM
		{BCF5E04C-EE9A-4601-B74A-6A4FB8F0B4F8}.Release|ARM.Deploy.0 = Release|ARM
		{BCF5E04C-EE9A-4601-B74A-6A4FB8F0B4F8}.Release|iPhone.ActiveCfg = Release|Any CPU
		{BCF5E04C-EE9A-4601-B74A-6A4FB8F0B4F8}.Release|iPhone.Build.0 = Release|Any CPU
		{BCF5E04C-EE9A-4601-B74A-6A4FB8F0B4F8}.Release|iPhone.Deploy.0 = Release|Any CPU
		{BCF5E04C-EE9A-4601-B74A-6A4FB8F0B4F8}.Release|iPhoneSimulator.ActiveCfg = Release|Any CPU
		{BCF5E04C-EE9A-4601-B74A-6A4FB8F0B4F8}.Release|iPhoneSimulator.Build.0 = Release|Any CPU
		{BCF5E04C-EE9A-4601-B74A-6A4FB8F0B4F8}.Release|iPhoneSimulator.Deploy.0 = Release|Any CPU
		{BCF5E04C-EE9A-4601-B74A-6A4FB8F0B4F8}.Release|x64.ActiveCfg = Release|x64
		{BCF5E04C-EE9A-4601-B74A-6A4FB8F0B4F8}.Release|x64.Build.0 = Release|x64
		{BCF5E04C-EE9A-4601-B74A-6A4FB8F0B4F8}.Release|x64.Deploy.0 = Release|x64
		{BCF5E04C-EE9A-4601-B74A-6A4FB8F0B4F8}.Release|x86.ActiveCfg = Release|x86
		{BCF5E04C-EE9A-4601-B74A-6A4FB8F0B4F8}.Release|x86.Build.0 = Release|x86
		{BCF5E04C-EE9A-4601-B74A-6A4FB8F0B4F8}.Release|x86.Deploy.0 = Release|x86
	EndGlobalSection
	GlobalSection(SolutionProperties) = preSolution
		HideSolutionNode = FALSE
	EndGlobalSection
EndGlobal
